
Microsoft Visual Studio Solution File, Format Version 12.00
# Visual Studio Version 17
VisualStudioVersion = 17.11.35327.3
MinimumVisualStudioVersion = 10.0.40219.1
Project("{9A19103F-16F7-4668-BE54-9A1E7A4F7556}") = "web-app", "web-app\web-app.csproj", "{80D8BB91-4933-412F-92DB-4A7EA58CA074}"
EndProject
Project("{9A19103F-16F7-4668-BE54-9A1E7A4F7556}") = "web-app-test", "web-app-test\web-app-test.csproj", "{99196677-D777-42C4-AA24-7D9FB52C1CB4}"
EndProject
Global
	GlobalSection(SolutionConfigurationPlatforms) = preSolution
		Debug|Any CPU = Debug|Any CPU
		Release|Any CPU = Release|Any CPU
	EndGlobalSection
	GlobalSection(ProjectConfigurationPlatforms) = postSolution
		{80D8BB91-4933-412F-92DB-4A7EA58CA074}.Debug|Any CPU.ActiveCfg = Debug|Any CPU
		{80D8BB91-4933-412F-92DB-4A7EA58CA074}.Debug|Any CPU.Build.0 = Debug|Any CPU
		{80D8BB91-4933-412F-92DB-4A7EA58CA074}.Release|Any CPU.ActiveCfg = Release|Any CPU
		{80D8BB91-4933-412F-92DB-4A7EA58CA074}.Release|Any CPU.Build.0 = Release|Any CPU
		{99196677-D777-42C4-AA24-7D9FB52C1CB4}.Debug|Any CPU.ActiveCfg = Debug|Any CPU
		{99196677-D777-42C4-AA24-7D9FB52C1CB4}.Debug|Any CPU.Build.0 = Debug|Any CPU
		{99196677-D777-42C4-AA24-7D9FB52C1CB4}.Release|Any CPU.ActiveCfg = Release|Any CPU
		{99196677-D777-42C4-AA24-7D9FB52C1CB4}.Release|Any CPU.Build.0 = Release|Any CPU
	EndGlobalSection
	GlobalSection(SolutionProperties) = preSolution
		HideSolutionNode = FALSE
	EndGlobalSection
	GlobalSection(ExtensibilityGlobals) = postSolution
		SolutionGuid = {9C8385B4-FCAB-41C3-845E-576F5EF4DA25}
	EndGlobalSection
EndGlobal
